
Microsoft Visual Studio Solution File, Format Version 12.00
# Visual Studio 15
VisualStudioVersion = 15.0.27924.0
MinimumVisualStudioVersion = 10.0.40219.1
Project("{9A19103F-16F7-4668-BE54-9A1E7A4F7556}") = "DiskHeader", "ReadHeader\DiskHeader.csproj", "{714C5AFB-640F-4B16-A1DB-C47DFFC24A59}"
EndProject
Project("{FAE04EC0-301F-11D3-BF4B-00C04F79EFBC}") = "ReadHeaderExample", "ReadHeaderExample\ReadHeaderExample.csproj", "{9B3E7519-29EA-4B2A-A992-A47528DD56BC}"
EndProject
Global
	GlobalSection(SolutionConfigurationPlatforms) = preSolution
		Debug|Any CPU = Debug|Any CPU
		Release|Any CPU = Release|Any CPU
	EndGlobalSection
	GlobalSection(ProjectConfigurationPlatforms) = postSolution
		{714C5AFB-640F-4B16-A1DB-C47DFFC24A59}.Debug|Any CPU.ActiveCfg = Debug|Any CPU
		{714C5AFB-640F-4B16-A1DB-C47DFFC24A59}.Debug|Any CPU.Build.0 = Debug|Any CPU
		{714C5AFB-640F-4B16-A1DB-C47DFFC24A59}.Release|Any CPU.ActiveCfg = Release|Any CPU
		{714C5AFB-640F-4B16-A1DB-C47DFFC24A59}.Release|Any CPU.Build.0 = Release|Any CPU
		{9B3E7519-29EA-4B2A-A992-A47528DD56BC}.Debug|Any CPU.ActiveCfg = Debug|Any CPU
		{9B3E7519-29EA-4B2A-A992-A47528DD56BC}.Debug|Any CPU.Build.0 = Debug|Any CPU
		{9B3E7519-29EA-4B2A-A992-A47528DD56BC}.Release|Any CPU.ActiveCfg = Release|Any CPU
		{9B3E7519-29EA-4B2A-A992-A47528DD56BC}.Release|Any CPU.Build.0 = Release|Any CPU
	EndGlobalSection
	GlobalSection(SolutionProperties) = preSolution
		HideSolutionNode = FALSE
	EndGlobalSection
	GlobalSection(ExtensibilityGlobals) = postSolution
		SolutionGuid = {A341ED92-A7F2-4528-A8D9-73A913E5A40F}
	EndGlobalSection
EndGlobal
